
Microsoft Visual Studio Solution File, Format Version 12.00
# Visual Studio Version 16
VisualStudioVersion = 16.0.31729.503
MinimumVisualStudioVersion = 10.0.40219.1
Project("{FAE04EC0-301F-11D3-BF4B-00C04F79EFBC}") = "FrequenciaAlunos", "FrequenciaAlunos\FrequenciaAlunos.csproj", "{10A6D125-FC97-4AEF-9D9B-69A766246C0F}"
EndProject
Global
	GlobalSection(SolutionConfigurationPlatforms) = preSolution
		Debug|Any CPU = Debug|Any CPU
		Release|Any CPU = Release|Any CPU
	EndGlobalSection
	GlobalSection(ProjectConfigurationPlatforms) = postSolution
		{10A6D125-FC97-4AEF-9D9B-69A766246C0F}.Debug|Any CPU.ActiveCfg = Debug|Any CPU
		{10A6D125-FC97-4AEF-9D9B-69A766246C0F}.Debug|Any CPU.Build.0 = Debug|Any CPU
		{10A6D125-FC97-4AEF-9D9B-69A766246C0F}.Release|Any CPU.ActiveCfg = Release|Any CPU
		{10A6D125-FC97-4AEF-9D9B-69A766246C0F}.Release|Any CPU.Build.0 = Release|Any CPU
	EndGlobalSection
	GlobalSection(SolutionProperties) = preSolution
		HideSolutionNode = FALSE
	EndGlobalSection
	GlobalSection(ExtensibilityGlobals) = postSolution
		SolutionGuid = {9023425E-FE92-462A-8598-C4A5F328B26F}
	EndGlobalSection
EndGlobal
